// !$*UTF8*$!
{
	archiveVersion = 1;
	classes = {
	};
	objectVersion = 56;
	objects = {

/* Begin PBXBuildFile section */
		7A046FF32BA1DCBE001E181C /* LazyImageView.swift in Sources */ = {isa = PBXBuildFile; fileRef = 7A046FF22BA1DCBE001E181C /* LazyImageView.swift */; };
		7A046FF52BA1EC93001E181C /* Countries.swift in Sources */ = {isa = PBXBuildFile; fileRef = 7A046FF42BA1EC93001E181C /* Countries.swift */; };
		7A507B8A2B80A06600D2E170 /* AppDelegate.swift in Sources */ = {isa = PBXBuildFile; fileRef = 7A507B892B80A06600D2E170 /* AppDelegate.swift */; };
		7A507B8C2B80A06600D2E170 /* SceneDelegate.swift in Sources */ = {isa = PBXBuildFile; fileRef = 7A507B8B2B80A06600D2E170 /* SceneDelegate.swift */; };
		7A507B8E2B80A06600D2E170 /* ViewController.swift in Sources */ = {isa = PBXBuildFile; fileRef = 7A507B8D2B80A06600D2E170 /* ViewController.swift */; };
		7A507B912B80A06600D2E170 /* Main.storyboard in Resources */ = {isa = PBXBuildFile; fileRef = 7A507B8F2B80A06600D2E170 /* Main.storyboard */; };
		7A507B932B80A06700D2E170 /* Assets.xcassets in Resources */ = {isa = PBXBuildFile; fileRef = 7A507B922B80A06700D2E170 /* Assets.xcassets */; };
		7A507B962B80A06700D2E170 /* LaunchScreen.storyboard in Resources */ = {isa = PBXBuildFile; fileRef = 7A507B942B80A06700D2E170 /* LaunchScreen.storyboard */; };
		7A507BA02B80A53C00D2E170 /* ImageCell.swift in Sources */ = {isa = PBXBuildFile; fileRef = 7A507B9F2B80A53C00D2E170 /* ImageCell.swift */; };
		7A507BA62B80BB7600D2E170 /* NewsAPI.swift in Sources */ = {isa = PBXBuildFile; fileRef = 7A507BA52B80BB7600D2E170 /* NewsAPI.swift */; };
		7A507BA82B80BB9300D2E170 /* News.swift in Sources */ = {isa = PBXBuildFile; fileRef = 7A507BA72B80BB9300D2E170 /* News.swift */; };
		7A507BAA2B80BBA000D2E170 /* NewsViewModel.swift in Sources */ = {isa = PBXBuildFile; fileRef = 7A507BA92B80BBA000D2E170 /* NewsViewModel.swift */; };
/* End PBXBuildFile section */

/* Begin PBXFileReference section */
		7A046FF22BA1DCBE001E181C /* LazyImageView.swift */ = {isa = PBXFileReference; lastKnownFileType = sourcecode.swift; path = LazyImageView.swift; sourceTree = "<group>"; };
		7A046FF42BA1EC93001E181C /* Countries.swift */ = {isa = PBXFileReference; lastKnownFileType = sourcecode.swift; path = Countries.swift; sourceTree = "<group>"; };
		7A507B862B80A06600D2E170 /* Assignment.app */ = {isa = PBXFileReference; explicitFileType = wrapper.application; includeInIndex = 0; path = Assignment.app; sourceTree = BUILT_PRODUCTS_DIR; };
		7A507B892B80A06600D2E170 /* AppDelegate.swift */ = {isa = PBXFileReference; lastKnownFileType = sourcecode.swift; path = AppDelegate.swift; sourceTree = "<group>"; };
		7A507B8B2B80A06600D2E170 /* SceneDelegate.swift */ = {isa = PBXFileReference; lastKnownFileType = sourcecode.swift; path = SceneDelegate.swift; sourceTree = "<group>"; };
		7A507B8D2B80A06600D2E170 /* ViewController.swift */ = {isa = PBXFileReference; lastKnownFileType = sourcecode.swift; path = ViewController.swift; sourceTree = "<group>"; };
		7A507B902B80A06600D2E170 /* Base */ = {isa = PBXFileReference; lastKnownFileType = file.storyboard; name = Base; path = Base.lproj/Main.storyboard; sourceTree = "<group>"; };
		7A507B922B80A06700D2E170 /* Assets.xcassets */ = {isa = PBXFileReference; lastKnownFileType = folder.assetcatalog; path = Assets.xcassets; sourceTree = "<group>"; };
		7A507B952B80A06700D2E170 /* Base */ = {isa = PBXFileReference; lastKnownFileType = file.storyboard; name = Base; path = Base.lproj/LaunchScreen.storyboard; sourceTree = "<group>"; };
		7A507B972B80A06700D2E170 /* Info.plist */ = {isa = PBXFileReference; lastKnownFileType = text.plist.xml; path = Info.plist; sourceTree = "<group>"; };
		7A507B9F2B80A53C00D2E170 /* ImageCell.swift */ = {isa = PBXFileReference; lastKnownFileType = sourcecode.swift; path = ImageCell.swift; sourceTree = "<group>"; };
		7A507BA52B80BB7600D2E170 /* NewsAPI.swift */ = {isa = PBXFileReference; lastKnownFileType = sourcecode.swift; path = NewsAPI.swift; sourceTree = "<group>"; };
		7A507BA72B80BB9300D2E170 /* News.swift */ = {isa = PBXFileReference; lastKnownFileType = sourcecode.swift; path = News.swift; sourceTree = "<group>"; };
		7A507BA92B80BBA000D2E170 /* NewsViewModel.swift */ = {isa = PBXFileReference; lastKnownFileType = sourcecode.swift; path = NewsViewModel.swift; sourceTree = "<group>"; };
/* End PBXFileReference section */

/* Begin PBXFrameworksBuildPhase section */
		7A507B832B80A06600D2E170 /* Frameworks */ = {
			isa = PBXFrameworksBuildPhase;
			buildActionMask = 2147483647;
			files = (
			);
			runOnlyForDeploymentPostprocessing = 0;
		};
/* End PBXFrameworksBuildPhase section */

/* Begin PBXGroup section */
		7A507B7D2B80A06600D2E170 = {
			isa = PBXGroup;
			children = (
				7A507B882B80A06600D2E170 /* Assignment */,
				7A507B872B80A06600D2E170 /* Products */,
			);
			sourceTree = "<group>";
		};
		7A507B872B80A06600D2E170 /* Products */ = {
			isa = PBXGroup;
			children = (
				7A507B862B80A06600D2E170 /* Assignment.app */,
			);
			name = Products;
			sourceTree = "<group>";
		};
		7A507B882B80A06600D2E170 /* Assignment */ = {
			isa = PBXGroup;
			children = (
				7A507B9E2B80A4AE00D2E170 /* Application */,
				7A507BA42B80BB6100D2E170 /* API */,
				7A507BA32B80BB5600D2E170 /* Model */,
				7A507BA12B80BB3C00D2E170 /* ViewModel */,
				7A507B9D2B80A49E00D2E170 /* Controller */,
				7A507B8F2B80A06600D2E170 /* Main.storyboard */,
				7A507B922B80A06700D2E170 /* Assets.xcassets */,
				7A507B942B80A06700D2E170 /* LaunchScreen.storyboard */,
			);
			path = Assignment;
			sourceTree = "<group>";
		};
		7A507B9D2B80A49E00D2E170 /* Controller */ = {
			isa = PBXGroup;
			children = (
				7A507B8D2B80A06600D2E170 /* ViewController.swift */,
				7A507B9F2B80A53C00D2E170 /* ImageCell.swift */,
				7A046FF22BA1DCBE001E181C /* LazyImageView.swift */,
			);
			path = Controller;
			sourceTree = "<group>";
		};
		7A507B9E2B80A4AE00D2E170 /* Application */ = {
			isa = PBXGroup;
			children = (
				7A507B972B80A06700D2E170 /* Info.plist */,
				7A507B892B80A06600D2E170 /* AppDelegate.swift */,
				7A507B8B2B80A06600D2E170 /* SceneDelegate.swift */,
			);
			path = Application;
			sourceTree = "<group>";
		};
		7A507BA12B80BB3C00D2E170 /* ViewModel */ = {
			isa = PBXGroup;
			children = (
				7A507BA92B80BBA000D2E170 /* NewsViewModel.swift */,
			);
			path = ViewModel;
			sourceTree = "<group>";
		};
		7A507BA32B80BB5600D2E170 /* Model */ = {
			isa = PBXGroup;
			children = (
				7A507BA72B80BB9300D2E170 /* News.swift */,
				7A046FF42BA1EC93001E181C /* Countries.swift */,
			);
			path = Model;
			sourceTree = "<group>";
		};
		7A507BA42B80BB6100D2E170 /* API */ = {
			isa = PBXGroup;
			children = (
				7A507BA52B80BB7600D2E170 /* NewsAPI.swift */,
			);
			path = API;
			sourceTree = "<group>";
		};
/* End PBXGroup section */

/* Begin PBXNativeTarget section */
		7A507B852B80A06600D2E170 /* Assignment */ = {
			isa = PBXNativeTarget;
			buildConfigurationList = 7A507B9A2B80A06700D2E170 /* Build configuration list for PBXNativeTarget "Assignment" */;
			buildPhases = (
				7A507B822B80A06600D2E170 /* Sources */,
				7A507B832B80A06600D2E170 /* Frameworks */,
				7A507B842B80A06600D2E170 /* Resources */,
			);
			buildRules = (
			);
			dependencies = (
			);
			name = Assignment;
			productName = Assesment;
			productReference = 7A507B862B80A06600D2E170 /* Assignment.app */;
			productType = "com.apple.product-type.application";
		};
/* End PBXNativeTarget section */

/* Begin PBXProject section */
		7A507B7E2B80A06600D2E170 /* Project object */ = {
			isa = PBXProject;
			attributes = {
				BuildIndependentTargetsInParallel = 1;
				LastSwiftUpdateCheck = 1500;
				LastUpgradeCheck = 1500;
				TargetAttributes = {
					7A507B852B80A06600D2E170 = {
						CreatedOnToolsVersion = 15.0.1;
					};
				};
			};
			buildConfigurationList = 7A507B812B80A06600D2E170 /* Build configuration list for PBXProject "Assignment" */;
			compatibilityVersion = "Xcode 14.0";
			developmentRegion = en;
			hasScannedForEncodings = 0;
			knownRegions = (
				en,
				Base,
			);
			mainGroup = 7A507B7D2B80A06600D2E170;
			productRefGroup = 7A507B872B80A06600D2E170 /* Products */;
			projectDirPath = "";
			projectRoot = "";
			targets = (
				7A507B852B80A06600D2E170 /* Assignment */,
			);
		};
/* End PBXProject section */

/* Begin PBXResourcesBuildPhase section */
		7A507B842B80A06600D2E170 /* Resources */ = {
			isa = PBXResourcesBuildPhase;
			buildActionMask = 2147483647;
			files = (
				7A507B962B80A06700D2E170 /* LaunchScreen.storyboard in Resources */,
				7A507B932B80A06700D2E170 /* Assets.xcassets in Resources */,
				7A507B912B80A06600D2E170 /* Main.storyboard in Resources */,
			);
			runOnlyForDeploymentPostprocessing = 0;
		};
/* End PBXResourcesBuildPhase section */

/* Begin PBXSourcesBuildPhase section */
		7A507B822B80A06600D2E170 /* Sources */ = {
			isa = PBXSourcesBuildPhase;
			buildActionMask = 2147483647;
			files = (
				7A507BA82B80BB9300D2E170 /* News.swift in Sources */,
				7A507B8E2B80A06600D2E170 /* ViewController.swift in Sources */,
				7A507BA02B80A53C00D2E170 /* ImageCell.swift in Sources */,
				7A507BA62B80BB7600D2E170 /* NewsAPI.swift in Sources */,
				7A046FF52BA1EC93001E181C /* Countries.swift in Sources */,
				7A046FF32BA1DCBE001E181C /* LazyImageView.swift in Sources */,
				7A507BAA2B80BBA000D2E170 /* NewsViewModel.swift in Sources */,
				7A507B8A2B80A06600D2E170 /* AppDelegate.swift in Sources */,
				7A507B8C2B80A06600D2E170 /* SceneDelegate.swift in Sources */,
			);
			runOnlyForDeploymentPostprocessing = 0;
		};
/* End PBXSourcesBuildPhase section */

/* Begin PBXVariantGroup section */
		7A507B8F2B80A06600D2E170 /* Main.storyboard */ = {
			isa = PBXVariantGroup;
			children = (
				7A507B902B80A06600D2E170 /* Base */,
			);
			name = Main.storyboard;
			sourceTree = "<group>";
		};
		7A507B942B80A06700D2E170 /* LaunchScreen.storyboard */ = {
			isa = PBXVariantGroup;
			children = (
				7A507B952B80A06700D2E170 /* Base */,
			);
			name = LaunchScreen.storyboard;
			sourceTree = "<group>";
		};
/* End PBXVariantGroup section */

/* Begin XCBuildConfiguration section */
		7A507B982B80A06700D2E170 /* Debug */ = {
			isa = XCBuildConfiguration;
			buildSettings = {
				ALWAYS_SEARCH_USER_PATHS = NO;
				ASSETCATALOG_COMPILER_GENERATE_SWIFT_ASSET_SYMBOL_EXTENSIONS = YES;
				CLANG_ANALYZER_NONNULL = YES;
				CLANG_ANALYZER_NUMBER_OBJECT_CONVERSION = YES_AGGRESSIVE;
				CLANG_CXX_LANGUAGE_STANDARD = "gnu++20";
				CLANG_ENABLE_MODULES = YES;
				CLANG_ENABLE_OBJC_ARC = YES;
				CLANG_ENABLE_OBJC_WEAK = YES;
				CLANG_WARN_BLOCK_CAPTURE_AUTORELEASING = YES;
				CLANG_WARN_BOOL_CONVERSION = YES;
				CLANG_WARN_COMMA = YES;
				CLANG_WARN_CONSTANT_CONVERSION = YES;
				CLANG_WARN_DEPRECATED_OBJC_IMPLEMENTATIONS = YES;
				CLANG_WARN_DIRECT_OBJC_ISA_USAGE = YES_ERROR;
				CLANG_WARN_DOCUMENTATION_COMMENTS = YES;
				CLANG_WARN_EMPTY_BODY = YES;
				CLANG_WARN_ENUM_CONVERSION = YES;
				CLANG_WARN_INFINITE_RECURSION = YES;
				CLANG_WARN_INT_CONVERSION = YES;
				CLANG_WARN_NON_LITERAL_NULL_CONVERSION = YES;
				CLANG_WARN_OBJC_IMPLICIT_RETAIN_SELF = YES;
				CLANG_WARN_OBJC_LITERAL_CONVERSION = YES;
				CLANG_WARN_OBJC_ROOT_CLASS = YES_ERROR;
				CLANG_WARN_QUOTED_INCLUDE_IN_FRAMEWORK_HEADER = YES;
				CLANG_WARN_RANGE_LOOP_ANALYSIS = YES;
				CLANG_WARN_STRICT_PROTOTYPES = YES;
				CLANG_WARN_SUSPICIOUS_MOVE = YES;
				CLANG_WARN_UNGUARDED_AVAILABILITY = YES_AGGRESSIVE;
				CLANG_WARN_UNREACHABLE_CODE = YES;
				CLANG_WARN__DUPLICATE_METHOD_MATCH = YES;
				COPY_PHASE_STRIP = NO;
				DEBUG_INFORMATION_FORMAT = dwarf;
				ENABLE_STRICT_OBJC_MSGSEND = YES;
				ENABLE_TESTABILITY = YES;
				ENABLE_USER_SCRIPT_SANDBOXING = YES;
				GCC_C_LANGUAGE_STANDARD = gnu17;
				GCC_DYNAMIC_NO_PIC = NO;
				GCC_NO_COMMON_BLOCKS = YES;
				GCC_OPTIMIZATION_LEVEL = 0;
				GCC_PREPROCESSOR_DEFINITIONS = (
					"DEBUG=1",
					"$(inherited)",
				);
				GCC_WARN_64_TO_32_BIT_CONVERSION = YES;
				GCC_WARN_ABOUT_RETURN_TYPE = YES_ERROR;
				GCC_WARN_UNDECLARED_SELECTOR = YES;
				GCC_WARN_UNINITIALIZED_AUTOS = YES_AGGRESSIVE;
				GCC_WARN_UNUSED_FUNCTION = YES;
				GCC_WARN_UNUSED_VARIABLE = YES;
				IPHONEOS_DEPLOYMENT_TARGET = 15.0;
				LOCALIZATION_PREFERS_STRING_CATALOGS = YES;
				MTL_ENABLE_DEBUG_INFO = INCLUDE_SOURCE;
				MTL_FAST_MATH = YES;
				ONLY_ACTIVE_ARCH = YES;
				SDKROOT = iphoneos;
				SWIFT_ACTIVE_COMPILATION_CONDITIONS = "DEBUG $(inherited)";
				SWIFT_OPTIMIZATION_LEVEL = "-Onone";
			};
			name = Debug;
		};
		7A507B992B80A06700D2E170 /* Release */ = {
			isa = XCBuildConfiguration;
			buildSettings = {
				ALWAYS_SEARCH_USER_PATHS = NO;
				ASSETCATALOG_COMPILER_GENERATE_SWIFT_ASSET_SYMBOL_EXTENSIONS = YES;
				CLANG_ANALYZER_NONNULL = YES;
				CLANG_ANALYZER_NUMBER_OBJECT_CONVERSION = YES_AGGRESSIVE;
				CLANG_CXX_LANGUAGE_STANDARD = "gnu++20";
				CLANG_ENABLE_MODULES = YES;
				CLANG_ENABLE_OBJC_ARC = YES;
				CLANG_ENABLE_OBJC_WEAK = YES;
				CLANG_WARN_BLOCK_CAPTURE_AUTORELEASING = YES;
				CLANG_WARN_BOOL_CONVERSION = YES;
				CLANG_WARN_COMMA = YES;
				CLANG_WARN_CONSTANT_CONVERSION = YES;
				CLANG_WARN_DEPRECATED_OBJC_IMPLEMENTATIONS = YES;
				CLANG_WARN_DIRECT_OBJC_ISA_USAGE = YES_ERROR;
				CLANG_WARN_DOCUMENTATION_COMMENTS = YES;
				CLANG_WARN_EMPTY_BODY = YES;
				CLANG_WARN_ENUM_CONVERSION = YES;
				CLANG_WARN_INFINITE_RECURSION = YES;
				CLANG_WARN_INT_CONVERSION = YES;
				CLANG_WARN_NON_LITERAL_NULL_CONVERSION = YES;
				CLANG_WARN_OBJC_IMPLICIT_RETAIN_SELF = YES;
				CLANG_WARN_OBJC_LITERAL_CONVERSION = YES;
				CLANG_WARN_OBJC_ROOT_CLASS = YES_ERROR;
				CLANG_WARN_QUOTED_INCLUDE_IN_FRAMEWORK_HEADER = YES;
				CLANG_WARN_RANGE_LOOP_ANALYSIS = YES;
				CLANG_WARN_STRICT_PROTOTYPES = YES;
				CLANG_WARN_SUSPICIOUS_MOVE = YES;
				CLANG_WARN_UNGUARDED_AVAILABILITY = YES_AGGRESSIVE;
				CLANG_WARN_UNREACHABLE_CODE = YES;
				CLANG_WARN__DUPLICATE_METHOD_MATCH = YES;
				COPY_PHASE_STRIP = NO;
				DEBUG_INFORMATION_FORMAT = "dwarf-with-dsym";
				ENABLE_NS_ASSERTIONS = NO;
				ENABLE_STRICT_OBJC_MSGSEND = YES;
				ENABLE_USER_SCRIPT_SANDBOXING = YES;
				GCC_C_LANGUAGE_STANDARD = gnu17;
				GCC_NO_COMMON_BLOCKS = YES;
				GCC_WARN_64_TO_32_BIT_CONVERSION = YES;
				GCC_WARN_ABOUT_RETURN_TYPE = YES_ERROR;
				GCC_WARN_UNDECLARED_SELECTOR = YES;
				GCC_WARN_UNINITIALIZED_AUTOS = YES_AGGRESSIVE;
				GCC_WARN_UNUSED_FUNCTION = YES;
				GCC_WARN_UNUSED_VARIABLE = YES;
				IPHONEOS_DEPLOYMENT_TARGET = 15.0;
				LOCALIZATION_PREFERS_STRING_CATALOGS = YES;
				MTL_ENABLE_DEBUG_INFO = NO;
				MTL_FAST_MATH = YES;
				SDKROOT = iphoneos;
				SWIFT_COMPILATION_MODE = wholemodule;
				VALIDATE_PRODUCT = YES;
			};
			name = Release;
		};
		7A507B9B2B80A06700D2E170 /* Debug */ = {
			isa = XCBuildConfiguration;
			buildSettings = {
				ASSETCATALOG_COMPILER_APPICON_NAME = AppIcon;
				ASSETCATALOG_COMPILER_GLOBAL_ACCENT_COLOR_NAME = AccentColor;
				CODE_SIGN_STYLE = Automatic;
				CURRENT_PROJECT_VERSION = 1;
				GENERATE_INFOPLIST_FILE = YES;
				INFOPLIST_FILE = Assignment/Application/Info.plist;
				INFOPLIST_KEY_UIApplicationSupportsIndirectInputEvents = YES;
				INFOPLIST_KEY_UILaunchStoryboardName = LaunchScreen;
				INFOPLIST_KEY_UIMainStoryboardFile = Main;
				INFOPLIST_KEY_UISupportedInterfaceOrientations = UIInterfaceOrientationPortrait;
				INFOPLIST_KEY_UISupportedInterfaceOrientations_iPad = "UIInterfaceOrientationLandscapeLeft UIInterfaceOrientationLandscapeRight UIInterfaceOrientationPortrait UIInterfaceOrientationPortraitUpsideDown";
				LD_RUNPATH_SEARCH_PATHS = (
					"$(inherited)",
					"@executable_path/Frameworks",
				);
				MARKETING_VERSION = 1.0;
				PRODUCT_BUNDLE_IDENTIFIER = com.gs.Assignment;
				PRODUCT_NAME = "$(TARGET_NAME)";
				SWIFT_EMIT_LOC_STRINGS = YES;
				SWIFT_VERSION = 5.0;
				TARGETED_DEVICE_FAMILY = "1,2";
			};
			name = Debug;
		};
		7A507B9C2B80A06700D2E170 /* Release */ = {
			isa = XCBuildConfiguration;
			buildSettings = {
				ASSETCATALOG_COMPILER_APPICON_NAME = AppIcon;
				ASSETCATALOG_COMPILER_GLOBAL_ACCENT_COLOR_NAME = AccentColor;
				CODE_SIGN_STYLE = Automatic;
				CURRENT_PROJECT_VERSION = 1;
				GENERATE_INFOPLIST_FILE = YES;
				INFOPLIST_FILE = Assignment/Application/Info.plist;
				INFOPLIST_KEY_UIApplicationSupportsIndirectInputEvents = YES;
				INFOPLIST_KEY_UILaunchStoryboardName = LaunchScreen;
				INFOPLIST_KEY_UIMainStoryboardFile = Main;
				INFOPLIST_KEY_UISupportedInterfaceOrientations = UIInterfaceOrientationPortrait;
				INFOPLIST_KEY_UISupportedInterfaceOrientations_iPad = "UIInterfaceOrientationLandscapeLeft UIInterfaceOrientationLandscapeRight UIInterfaceOrientationPortrait UIInterfaceOrientationPortraitUpsideDown";
				LD_RUNPATH_SEARCH_PATHS = (
					"$(inherited)",
					"@executable_path/Frameworks",
				);
				MARKETING_VERSION = 1.0;
				PRODUCT_BUNDLE_IDENTIFIER = com.gs.Assignment;
				PRODUCT_NAME = "$(TARGET_NAME)";
				SWIFT_EMIT_LOC_STRINGS = YES;
				SWIFT_VERSION = 5.0;
				TARGETED_DEVICE_FAMILY = "1,2";
			};
			name = Release;
		};
/* End XCBuildConfiguration section */

/* Begin XCConfigurationList section */
		7A507B812B80A06600D2E170 /* Build configuration list for PBXProject "Assignment" */ = {
			isa = XCConfigurationList;
			buildConfigurations = (
				7A507B982B80A06700D2E170 /* Debug */,
				7A507B992B80A06700D2E170 /* Release */,
			);
			defaultConfigurationIsVisible = 0;
			defaultConfigurationName = Release;
		};
		7A507B9A2B80A06700D2E170 /* Build configuration list for PBXNativeTarget "Assignment" */ = {
			isa = XCConfigurationList;
			buildConfigurations = (
				7A507B9B2B80A06700D2E170 /* Debug */,
				7A507B9C2B80A06700D2E170 /* Release */,
			);
			defaultConfigurationIsVisible = 0;
			defaultConfigurationName = Release;
		};
/* End XCConfigurationList section */
	};
	rootObject = 7A507B7E2B80A06600D2E170 /* Project object */;
}
